
Microsoft Visual Studio Solution File, Format Version 12.00
# Visual Studio Version 17
VisualStudioVersion = 17.3.32922.545
MinimumVisualStudioVersion = 10.0.40219.1
Project("{FAE04EC0-301F-11D3-BF4B-00C04F79EFBC}") = "DeepStack.Client", "DeepStack.Client\DeepStack.Client.csproj", "{96F06655-6EDF-4D1D-8C35-A152F29F66A6}"
EndProject
Project("{FAE04EC0-301F-11D3-BF4B-00C04F79EFBC}") = "DeepStack.Console", "DeepStack.Console\DeepStack.Console.csproj", "{103336EF-6F29-4A84-94D0-F0702E2E2607}"
EndProject
Global
	GlobalSection(SolutionConfigurationPlatforms) = preSolution
		Debug|Any CPU = Debug|Any CPU
		Release|Any CPU = Release|Any CPU
	EndGlobalSection
	GlobalSection(ProjectConfigurationPlatforms) = postSolution
		{96F06655-6EDF-4D1D-8C35-A152F29F66A6}.Debug|Any CPU.ActiveCfg = Debug|Any CPU
		{96F06655-6EDF-4D1D-8C35-A152F29F66A6}.Debug|Any CPU.Build.0 = Debug|Any CPU
		{96F06655-6EDF-4D1D-8C35-A152F29F66A6}.Release|Any CPU.ActiveCfg = Release|Any CPU
		{96F06655-6EDF-4D1D-8C35-A152F29F66A6}.Release|Any CPU.Build.0 = Release|Any CPU
		{103336EF-6F29-4A84-94D0-F0702E2E2607}.Debug|Any CPU.ActiveCfg = Debug|Any CPU
		{103336EF-6F29-4A84-94D0-F0702E2E2607}.Debug|Any CPU.Build.0 = Debug|Any CPU
		{103336EF-6F29-4A84-94D0-F0702E2E2607}.Release|Any CPU.ActiveCfg = Release|Any CPU
		{103336EF-6F29-4A84-94D0-F0702E2E2607}.Release|Any CPU.Build.0 = Release|Any CPU
	EndGlobalSection
	GlobalSection(SolutionProperties) = preSolution
		HideSolutionNode = FALSE
	EndGlobalSection
	GlobalSection(ExtensibilityGlobals) = postSolution
		SolutionGuid = {00FE0B70-3C0D-45B5-8C7E-A219B792E876}
	EndGlobalSection
EndGlobal
